# THIS IS AN AUTOGENERATED FILE. DO NOT EDIT THIS FILE DIRECTLY.
# yarn lockfile v1


"@types/node@16":
  version "16.18.100"
  resolved "https://registry.yarnpkg.com/@types/node/-/node-16.18.100.tgz#8f3ccd785b67a2007af410819fa324d9dfa4e7f9"
  integrity sha512-qN1YgJICdZwDDHInZs9Wzgygzz2QReTd6Q3S0EdGgdzBM9FnES/NqYRRkhJm5GzQfYtnkMPXd+Axg32edW/IEg==

typescript@^4.2.4:
  version "4.9.5"
  resolved "https://registry.yarnpkg.com/typescript/-/typescript-4.9.5.tgz#095979f9bcc0d09da324d58d03ce8f8374cbe65a"
  integrity sha512-1FXk9E2Hm+QzZQ7z+McJiHL4NW1F2EzMu9Nq9i3zAaGqibafqYwCVU6WyWAuyQRRzOlxou8xZSyXLEN8oKj24g==
